
Microsoft Visual Studio Solution File, Format Version 12.00
# Visual Studio Version 17
VisualStudioVersion = 17.11.35327.3
MinimumVisualStudioVersion = 10.0.40219.1
Project("{FAE04EC0-301F-11D3-BF4B-00C04F79EFBC}") = "ASSIGNMENT 3_2_4", "ASSIGNMENT 3_2_4.csproj", "{3FEEE50A-949E-4E30-B9CC-20751A3FC027}"
EndProject
Global
	GlobalSection(SolutionConfigurationPlatforms) = preSolution
		Debug|Any CPU = Debug|Any CPU
		Release|Any CPU = Release|Any CPU
	EndGlobalSection
	GlobalSection(ProjectConfigurationPlatforms) = postSolution
		{3FEEE50A-949E-4E30-B9CC-20751A3FC027}.Debug|Any CPU.ActiveCfg = Debug|Any CPU
		{3FEEE50A-949E-4E30-B9CC-20751A3FC027}.Debug|Any CPU.Build.0 = Debug|Any CPU
		{3FEEE50A-949E-4E30-B9CC-20751A3FC027}.Release|Any CPU.ActiveCfg = Release|Any CPU
		{3FEEE50A-949E-4E30-B9CC-20751A3FC027}.Release|Any CPU.Build.0 = Release|Any CPU
	EndGlobalSection
	GlobalSection(SolutionProperties) = preSolution
		HideSolutionNode = FALSE
	EndGlobalSection
	GlobalSection(ExtensibilityGlobals) = postSolution
		SolutionGuid = {72C312E8-0FFB-406E-8264-BCDD5099BA91}
	EndGlobalSection
EndGlobal
